// !$*UTF8*$!
{
	archiveVersion = 1;
	classes = {
	};
	objectVersion = 46;
	objects = {

/* Begin PBXBuildFile section */
		C6A153831E97263F00F324BE /* AppDelegate.swift in Sources */ = {isa = PBXBuildFile; fileRef = C6A153821E97263F00F324BE /* AppDelegate.swift */; };
		C6A153851E97263F00F324BE /* ViewController.swift in Sources */ = {isa = PBXBuildFile; fileRef = C6A153841E97263F00F324BE /* ViewController.swift */; };
		C6A153881E97263F00F324BE /* Main.storyboard in Resources */ = {isa = PBXBuildFile; fileRef = C6A153861E97263F00F324BE /* Main.storyboard */; };
		C6A1538A1E97263F00F324BE /* Assets.xcassets in Resources */ = {isa = PBXBuildFile; fileRef = C6A153891E97263F00F324BE /* Assets.xcassets */; };
		C6A1538D1E97263F00F324BE /* LaunchScreen.storyboard in Resources */ = {isa = PBXBuildFile; fileRef = C6A1538B1E97263F00F324BE /* LaunchScreen.storyboard */; };
		C6A153981E97263F00F324BE /* savethekittensTests.swift in Sources */ = {isa = PBXBuildFile; fileRef = C6A153971E97263F00F324BE /* savethekittensTests.swift */; };
		C6A153A31E97263F00F324BE /* savethekittensUITests.swift in Sources */ = {isa = PBXBuildFile; fileRef = C6A153A21E97263F00F324BE /* savethekittensUITests.swift */; };
/* End PBXBuildFile section */

/* Begin PBXContainerItemProxy section */
		C6A153941E97263F00F324BE /* PBXContainerItemProxy */ = {
			isa = PBXContainerItemProxy;
			containerPortal = C6A153771E97263F00F324BE /* Project object */;
			proxyType = 1;
			remoteGlobalIDString = C6A1537E1E97263F00F324BE;
			remoteInfo = savethekittens;
		};
		C6A1539F1E97263F00F324BE /* PBXContainerItemProxy */ = {
			isa = PBXContainerItemProxy;
			containerPortal = C6A153771E97263F00F324BE /* Project object */;
			proxyType = 1;
			remoteGlobalIDString = C6A1537E1E97263F00F324BE;
			remoteInfo = savethekittens;
		};
/* End PBXContainerItemProxy section */

/* Begin PBXFileReference section */
		C6A1537F1E97263F00F324BE /* savethekittens.app */ = {isa = PBXFileReference; explicitFileType = wrapper.application; includeInIndex = 0; path = savethekittens.app; sourceTree = BUILT_PRODUCTS_DIR; };
		C6A153821E97263F00F324BE /* AppDelegate.swift */ = {isa = PBXFileReference; lastKnownFileType = sourcecode.swift; path = AppDelegate.swift; sourceTree = "<group>"; };
		C6A153841E97263F00F324BE /* ViewController.swift */ = {isa = PBXFileReference; lastKnownFileType = sourcecode.swift; path = ViewController.swift; sourceTree = "<group>"; };
		C6A153871E97263F00F324BE /* Base */ = {isa = PBXFileReference; lastKnownFileType = file.storyboard; name = Base; path = Base.lproj/Main.storyboard; sourceTree = "<group>"; };
		C6A153891E97263F00F324BE /* Assets.xcassets */ = {isa = PBXFileReference; lastKnownFileType = folder.assetcatalog; path = Assets.xcassets; sourceTree = "<group>"; };
		C6A1538C1E97263F00F324BE /* Base */ = {isa = PBXFileReference; lastKnownFileType = file.storyboard; name = Base; path = Base.lproj/LaunchScreen.storyboard; sourceTree = "<group>"; };
		C6A1538E1E97263F00F324BE /* Info.plist */ = {isa = PBXFileReference; lastKnownFileType = text.plist.xml; path = Info.plist; sourceTree = "<group>"; };
		C6A153931E97263F00F324BE /* savethekittensTests.xctest */ = {isa = PBXFileReference; explicitFileType = wrapper.cfbundle; includeInIndex = 0; path = savethekittensTests.xctest; sourceTree = BUILT_PRODUCTS_DIR; };
		C6A153971E97263F00F324BE /* savethekittensTests.swift */ = {isa = PBXFileReference; lastKnownFileType = sourcecode.swift; path = savethekittensTests.swift; sourceTree = "<group>"; };
		C6A153991E97263F00F324BE /* Info.plist */ = {isa = PBXFileReference; lastKnownFileType = text.plist.xml; path = Info.plist; sourceTree = "<group>"; };
		C6A1539E1E97263F00F324BE /* savethekittensUITests.xctest */ = {isa = PBXFileReference; explicitFileType = wrapper.cfbundle; includeInIndex = 0; path = savethekittensUITests.xctest; sourceTree = BUILT_PRODUCTS_DIR; };
		C6A153A21E97263F00F324BE /* savethekittensUITests.swift */ = {isa = PBXFileReference; lastKnownFileType = sourcecode.swift; path = savethekittensUITests.swift; sourceTree = "<group>"; };
		C6A153A41E97263F00F324BE /* Info.plist */ = {isa = PBXFileReference; lastKnownFileType = text.plist.xml; path = Info.plist; sourceTree = "<group>"; };
/* End PBXFileReference section */

/* Begin PBXFrameworksBuildPhase section */
		C6A1537C1E97263F00F324BE /* Frameworks */ = {
			isa = PBXFrameworksBuildPhase;
			buildActionMask = 2147483647;
			files = (
			);
			runOnlyForDeploymentPostprocessing = 0;
		};
		C6A153901E97263F00F324BE /* Frameworks */ = {
			isa = PBXFrameworksBuildPhase;
			buildActionMask = 2147483647;
			files = (
			);
			runOnlyForDeploymentPostprocessing = 0;
		};
		C6A1539B1E97263F00F324BE /* Frameworks */ = {
			isa = PBXFrameworksBuildPhase;
			buildActionMask = 2147483647;
			files = (
			);
			runOnlyForDeploymentPostprocessing = 0;
		};
/* End PBXFrameworksBuildPhase section */

/* Begin PBXGroup section */
		C6A153761E97263F00F324BE = {
			isa = PBXGroup;
			children = (
				C6A153811E97263F00F324BE /* savethekittens */,
				C6A153961E97263F00F324BE /* savethekittensTests */,
				C6A153A11E97263F00F324BE /* savethekittensUITests */,
				C6A153801E97263F00F324BE /* Products */,
			);
			sourceTree = "<group>";
		};
		C6A153801E97263F00F324BE /* Products */ = {
			isa = PBXGroup;
			children = (
				C6A1537F1E97263F00F324BE /* savethekittens.app */,
				C6A153931E97263F00F324BE /* savethekittensTests.xctest */,
				C6A1539E1E97263F00F324BE /* savethekittensUITests.xctest */,
			);
			name = Products;
			sourceTree = "<group>";
		};
		C6A153811E97263F00F324BE /* savethekittens */ = {
			isa = PBXGroup;
			children = (
				C6A153821E97263F00F324BE /* AppDelegate.swift */,
				C6A153841E97263F00F324BE /* ViewController.swift */,
				C6A153861E97263F00F324BE /* Main.storyboard */,
				C6A153891E97263F00F324BE /* Assets.xcassets */,
				C6A1538B1E97263F00F324BE /* LaunchScreen.storyboard */,
				C6A1538E1E97263F00F324BE /* Info.plist */,
			);
			path = savethekittens;
			sourceTree = "<group>";
		};
		C6A153961E97263F00F324BE /* savethekittensTests */ = {
			isa = PBXGroup;
			children = (
				C6A153971E97263F00F324BE /* savethekittensTests.swift */,
				C6A153991E97263F00F324BE /* Info.plist */,
			);
			path = savethekittensTests;
			sourceTree = "<group>";
		};
		C6A153A11E97263F00F324BE /* savethekittensUITests */ = {
			isa = PBXGroup;
			children = (
				C6A153A21E97263F00F324BE /* savethekittensUITests.swift */,
				C6A153A41E97263F00F324BE /* Info.plist */,
			);
			path = savethekittensUITests;
			sourceTree = "<group>";
		};
/* End PBXGroup section */

/* Begin PBXNativeTarget section */
		C6A1537E1E97263F00F324BE /* savethekittens */ = {
			isa = PBXNativeTarget;
			buildConfigurationList = C6A153A71E97263F00F324BE /* Build configuration list for PBXNativeTarget "savethekittens" */;
			buildPhases = (
				C6A1537B1E97263F00F324BE /* Sources */,
				C6A1537C1E97263F00F324BE /* Frameworks */,
				C6A1537D1E97263F00F324BE /* Resources */,
			);
			buildRules = (
			);
			dependencies = (
			);
			name = savethekittens;
			productName = savethekittens;
			productReference = C6A1537F1E97263F00F324BE /* savethekittens.app */;
			productType = "com.apple.product-type.application";
		};
		C6A153921E97263F00F324BE /* savethekittensTests */ = {
			isa = PBXNativeTarget;
			buildConfigurationList = C6A153AA1E97263F00F324BE /* Build configuration list for PBXNativeTarget "savethekittensTests" */;
			buildPhases = (
				C6A1538F1E97263F00F324BE /* Sources */,
				C6A153901E97263F00F324BE /* Frameworks */,
				C6A153911E97263F00F324BE /* Resources */,
			);
			buildRules = (
			);
			dependencies = (
				C6A153951E97263F00F324BE /* PBXTargetDependency */,
			);
			name = savethekittensTests;
			productName = savethekittensTests;
			productReference = C6A153931E97263F00F324BE /* savethekittensTests.xctest */;
			productType = "com.apple.product-type.bundle.unit-test";
		};
		C6A1539D1E97263F00F324BE /* savethekittensUITests */ = {
			isa = PBXNativeTarget;
			buildConfigurationList = C6A153AD1E97263F00F324BE /* Build configuration list for PBXNativeTarget "savethekittensUITests" */;
			buildPhases = (
				C6A1539A1E97263F00F324BE /* Sources */,
				C6A1539B1E97263F00F324BE /* Frameworks */,
				C6A1539C1E97263F00F324BE /* Resources */,
			);
			buildRules = (
			);
			dependencies = (
				C6A153A01E97263F00F324BE /* PBXTargetDependency */,
			);
			name = savethekittensUITests;
			productName = savethekittensUITests;
			productReference = C6A1539E1E97263F00F324BE /* savethekittensUITests.xctest */;
			productType = "com.apple.product-type.bundle.ui-testing";
		};
/* End PBXNativeTarget section */

/* Begin PBXProject section */
		C6A153771E97263F00F324BE /* Project object */ = {
			isa = PBXProject;
			attributes = {
				LastSwiftUpdateCheck = 0820;
				LastUpgradeCheck = 0820;
				ORGANIZATIONNAME = carb;
				TargetAttributes = {
					C6A1537E1E97263F00F324BE = {
						CreatedOnToolsVersion = 8.2.1;
						ProvisioningStyle = Automatic;
					};
					C6A153921E97263F00F324BE = {
						CreatedOnToolsVersion = 8.2.1;
						ProvisioningStyle = Automatic;
						TestTargetID = C6A1537E1E97263F00F324BE;
					};
					C6A1539D1E97263F00F324BE = {
						CreatedOnToolsVersion = 8.2.1;
						ProvisioningStyle = Automatic;
						TestTargetID = C6A1537E1E97263F00F324BE;
					};
				};
			};
			buildConfigurationList = C6A1537A1E97263F00F324BE /* Build configuration list for PBXProject "savethekittens" */;
			compatibilityVersion = "Xcode 3.2";
			developmentRegion = English;
			hasScannedForEncodings = 0;
			knownRegions = (
				en,
				Base,
			);
			mainGroup = C6A153761E97263F00F324BE;
			productRefGroup = C6A153801E97263F00F324BE /* Products */;
			projectDirPath = "";
			projectRoot = "";
			targets = (
				C6A1537E1E97263F00F324BE /* savethekittens */,
				C6A153921E97263F00F324BE /* savethekittensTests */,
				C6A1539D1E97263F00F324BE /* savethekittensUITests */,
			);
		};
/* End PBXProject section */

/* Begin PBXResourcesBuildPhase section */
		C6A1537D1E97263F00F324BE /* Resources */ = {
			isa = PBXResourcesBuildPhase;
			buildActionMask = 2147483647;
			files = (
				C6A1538D1E97263F00F324BE /* LaunchScreen.storyboard in Resources */,
				C6A1538A1E97263F00F324BE /* Assets.xcassets in Resources */,
				C6A153881E97263F00F324BE /* Main.storyboard in Resources */,
			);
			runOnlyForDeploymentPostprocessing = 0;
		};
		C6A153911E97263F00F324BE /* Resources */ = {
			isa = PBXResourcesBuildPhase;
			buildActionMask = 2147483647;
			files = (
			);
			runOnlyForDeploymentPostprocessing = 0;
		};
		C6A1539C1E97263F00F324BE /* Resources */ = {
			isa = PBXResourcesBuildPhase;
			buildActionMask = 2147483647;
			files = (
			);
			runOnlyForDeploymentPostprocessing = 0;
		};
/* End PBXResourcesBuildPhase section */

/* Begin PBXSourcesBuildPhase section */
		C6A1537B1E97263F00F324BE /* Sources */ = {
			isa = PBXSourcesBuildPhase;
			buildActionMask = 2147483647;
			files = (
				C6A153851E97263F00F324BE /* ViewController.swift in Sources */,
				C6A153831E97263F00F324BE /* AppDelegate.swift in Sources */,
			);
			runOnlyForDeploymentPostprocessing = 0;
		};
		C6A1538F1E97263F00F324BE /* Sources */ = {
			isa = PBXSourcesBuildPhase;
			buildActionMask = 2147483647;
			files = (
				C6A153981E97263F00F324BE /* savethekittensTests.swift in Sources */,
			);
			runOnlyForDeploymentPostprocessing = 0;
		};
		C6A1539A1E97263F00F324BE /* Sources */ = {
			isa = PBXSourcesBuildPhase;
			buildActionMask = 2147483647;
			files = (
				C6A153A31E97263F00F324BE /* savethekittensUITests.swift in Sources */,
			);
			runOnlyForDeploymentPostprocessing = 0;
		};
/* End PBXSourcesBuildPhase section */

/* Begin PBXTargetDependency section */
		C6A153951E97263F00F324BE /* PBXTargetDependency */ = {
			isa = PBXTargetDependency;
			target = C6A1537E1E97263F00F324BE /* savethekittens */;
			targetProxy = C6A153941E97263F00F324BE /* PBXContainerItemProxy */;
		};
		C6A153A01E97263F00F324BE /* PBXTargetDependency */ = {
			isa = PBXTargetDependency;
			target = C6A1537E1E97263F00F324BE /* savethekittens */;
			targetProxy = C6A1539F1E97263F00F324BE /* PBXContainerItemProxy */;
		};
/* End PBXTargetDependency section */

/* Begin PBXVariantGroup section */
		C6A153861E97263F00F324BE /* Main.storyboard */ = {
			isa = PBXVariantGroup;
			children = (
				C6A153871E97263F00F324BE /* Base */,
			);
			name = Main.storyboard;
			sourceTree = "<group>";
		};
		C6A1538B1E97263F00F324BE /* LaunchScreen.storyboard */ = {
			isa = PBXVariantGroup;
			children = (
				C6A1538C1E97263F00F324BE /* Base */,
			);
			name = LaunchScreen.storyboard;
			sourceTree = "<group>";
		};
/* End PBXVariantGroup section */

/* Begin XCBuildConfiguration section */
		C6A153A51E97263F00F324BE /* Debug */ = {
			isa = XCBuildConfiguration;
			buildSettings = {
				ALWAYS_SEARCH_USER_PATHS = NO;
				CLANG_ANALYZER_NONNULL = YES;
				CLANG_CXX_LANGUAGE_STANDARD = "gnu++0x";
				CLANG_CXX_LIBRARY = "libc++";
				CLANG_ENABLE_MODULES = YES;
				CLANG_ENABLE_OBJC_ARC = YES;
				CLANG_WARN_BOOL_CONVERSION = YES;
				CLANG_WARN_CONSTANT_CONVERSION = YES;
				CLANG_WARN_DIRECT_OBJC_ISA_USAGE = YES_ERROR;
				CLANG_WARN_DOCUMENTATION_COMMENTS = YES;
				CLANG_WARN_EMPTY_BODY = YES;
				CLANG_WARN_ENUM_CONVERSION = YES;
				CLANG_WARN_INFINITE_RECURSION = YES;
				CLANG_WARN_INT_CONVERSION = YES;
				CLANG_WARN_OBJC_ROOT_CLASS = YES_ERROR;
				CLANG_WARN_SUSPICIOUS_MOVE = YES;
				CLANG_WARN_UNREACHABLE_CODE = YES;
				CLANG_WARN__DUPLICATE_METHOD_MATCH = YES;
				"CODE_SIGN_IDENTITY[sdk=iphoneos*]" = "iPhone Developer";
				COPY_PHASE_STRIP = NO;
				DEBUG_INFORMATION_FORMAT = dwarf;
				ENABLE_STRICT_OBJC_MSGSEND = YES;
				ENABLE_TESTABILITY = YES;
				GCC_C_LANGUAGE_STANDARD = gnu99;
				GCC_DYNAMIC_NO_PIC = NO;
				GCC_NO_COMMON_BLOCKS = YES;
				GCC_OPTIMIZATION_LEVEL = 0;
				GCC_PREPROCESSOR_DEFINITIONS = (
					"DEBUG=1",
					"$(inherited)",
				);
				GCC_WARN_64_TO_32_BIT_CONVERSION = YES;
				GCC_WARN_ABOUT_RETURN_TYPE = YES_ERROR;
				GCC_WARN_UNDECLARED_SELECTOR = YES;
				GCC_WARN_UNINITIALIZED_AUTOS = YES_AGGRESSIVE;
				GCC_WARN_UNUSED_FUNCTION = YES;
				GCC_WARN_UNUSED_VARIABLE = YES;
				IPHONEOS_DEPLOYMENT_TARGET = 10.2;
				MTL_ENABLE_DEBUG_INFO = YES;
				ONLY_ACTIVE_ARCH = YES;
				SDKROOT = iphoneos;
				SWIFT_ACTIVE_COMPILATION_CONDITIONS = DEBUG;
				SWIFT_OPTIMIZATION_LEVEL = "-Onone";
				TARGETED_DEVICE_FAMILY = "1,2";
			};
			name = Debug;
		};
		C6A153A61E97263F00F324BE /* Release */ = {
			isa = XCBuildConfiguration;
			buildSettings = {
				ALWAYS_SEARCH_USER_PATHS = NO;
				CLANG_ANALYZER_NONNULL = YES;
				CLANG_CXX_LANGUAGE_STANDARD = "gnu++0x";
				CLANG_CXX_LIBRARY = "libc++";
				CLANG_ENABLE_MODULES = YES;
				CLANG_ENABLE_OBJC_ARC = YES;
				CLANG_WARN_BOOL_CONVERSION = YES;
				CLANG_WARN_CONSTANT_CONVERSION = YES;
				CLANG_WARN_DIRECT_OBJC_ISA_USAGE = YES_ERROR;
				CLANG_WARN_DOCUMENTATION_COMMENTS = YES;
				CLANG_WARN_EMPTY_BODY = YES;
				CLANG_WARN_ENUM_CONVERSION = YES;
				CLANG_WARN_INFINITE_RECURSION = YES;
				CLANG_WARN_INT_CONVERSION = YES;
				CLANG_WARN_OBJC_ROOT_CLASS = YES_ERROR;
				CLANG_WARN_SUSPICIOUS_MOVE = YES;
				CLANG_WARN_UNREACHABLE_CODE = YES;
				CLANG_WARN__DUPLICATE_METHOD_MATCH = YES;
				"CODE_SIGN_IDENTITY[sdk=iphoneos*]" = "iPhone Developer";
				COPY_PHASE_STRIP = NO;
				DEBUG_INFORMATION_FORMAT = "dwarf-with-dsym";
				ENABLE_NS_ASSERTIONS = NO;
				ENABLE_STRICT_OBJC_MSGSEND = YES;
				GCC_C_LANGUAGE_STANDARD = gnu99;
				GCC_NO_COMMON_BLOCKS = YES;
				GCC_WARN_64_TO_32_BIT_CONVERSION = YES;
				GCC_WARN_ABOUT_RETURN_TYPE = YES_ERROR;
				GCC_WARN_UNDECLARED_SELECTOR = YES;
				GCC_WARN_UNINITIALIZED_AUTOS = YES_AGGRESSIVE;
				GCC_WARN_UNUSED_FUNCTION = YES;
				GCC_WARN_UNUSED_VARIABLE = YES;
				IPHONEOS_DEPLOYMENT_TARGET = 10.2;
				MTL_ENABLE_DEBUG_INFO = NO;
				SDKROOT = iphoneos;
				SWIFT_OPTIMIZATION_LEVEL = "-Owholemodule";
				TARGETED_DEVICE_FAMILY = "1,2";
				VALIDATE_PRODUCT = YES;
			};
			name = Release;
		};
		C6A153A81E97263F00F324BE /* Debug */ = {
			isa = XCBuildConfiguration;
			buildSettings = {
				ASSETCATALOG_COMPILER_APPICON_NAME = AppIcon;
				INFOPLIST_FILE = savethekittens/Info.plist;
				LD_RUNPATH_SEARCH_PATHS = "$(inherited) @executable_path/Frameworks";
				PRODUCT_BUNDLE_IDENTIFIER = carb.savethekittens;
				PRODUCT_NAME = "$(TARGET_NAME)";
				SWIFT_VERSION = 3.0;
			};
			name = Debug;
		};
		C6A153A91E97263F00F324BE /* Release */ = {
			isa = XCBuildConfiguration;
			buildSettings = {
				ASSETCATALOG_COMPILER_APPICON_NAME = AppIcon;
				INFOPLIST_FILE = savethekittens/Info.plist;
				LD_RUNPATH_SEARCH_PATHS = "$(inherited) @executable_path/Frameworks";
				PRODUCT_BUNDLE_IDENTIFIER = carb.savethekittens;
				PRODUCT_NAME = "$(TARGET_NAME)";
				SWIFT_VERSION = 3.0;
			};
			name = Release;
		};
		C6A153AB1E97263F00F324BE /* Debug */ = {
			isa = XCBuildConfiguration;
			buildSettings = {
				ALWAYS_EMBED_SWIFT_STANDARD_LIBRARIES = YES;
				BUNDLE_LOADER = "$(TEST_HOST)";
				INFOPLIST_FILE = savethekittensTests/Info.plist;
				LD_RUNPATH_SEARCH_PATHS = "$(inherited) @executable_path/Frameworks @loader_path/Frameworks";
				PRODUCT_BUNDLE_IDENTIFIER = carb.savethekittensTests;
				PRODUCT_NAME = "$(TARGET_NAME)";
				SWIFT_VERSION = 3.0;
				TEST_HOST = "$(BUILT_PRODUCTS_DIR)/savethekittens.app/savethekittens";
			};
			name = Debug;
		};
		C6A153AC1E97263F00F324BE /* Release */ = {
			isa = XCBuildConfiguration;
			buildSettings = {
				ALWAYS_EMBED_SWIFT_STANDARD_LIBRARIES = YES;
				BUNDLE_LOADER = "$(TEST_HOST)";
				INFOPLIST_FILE = savethekittensTests/Info.plist;
				LD_RUNPATH_SEARCH_PATHS = "$(inherited) @executable_path/Frameworks @loader_path/Frameworks";
				PRODUCT_BUNDLE_IDENTIFIER = carb.savethekittensTests;
				PRODUCT_NAME = "$(TARGET_NAME)";
				SWIFT_VERSION = 3.0;
				TEST_HOST = "$(BUILT_PRODUCTS_DIR)/savethekittens.app/savethekittens";
			};
			name = Release;
		};
		C6A153AE1E97263F00F324BE /* Debug */ = {
			isa = XCBuildConfiguration;
			buildSettings = {
				ALWAYS_EMBED_SWIFT_STANDARD_LIBRARIES = YES;
				INFOPLIST_FILE = savethekittensUITests/Info.plist;
				LD_RUNPATH_SEARCH_PATHS = "$(inherited) @executable_path/Frameworks @loader_path/Frameworks";
				PRODUCT_BUNDLE_IDENTIFIER = carb.savethekittensUITests;
				PRODUCT_NAME = "$(TARGET_NAME)";
				SWIFT_VERSION = 3.0;
				TEST_TARGET_NAME = savethekittens;
			};
			name = Debug;
		};
		C6A153AF1E97263F00F324BE /* Release */ = {
			isa = XCBuildConfiguration;
			buildSettings = {
				ALWAYS_EMBED_SWIFT_STANDARD_LIBRARIES = YES;
				INFOPLIST_FILE = savethekittensUITests/Info.plist;
				LD_RUNPATH_SEARCH_PATHS = "$(inherited) @executable_path/Frameworks @loader_path/Frameworks";
				PRODUCT_BUNDLE_IDENTIFIER = carb.savethekittensUITests;
				PRODUCT_NAME = "$(TARGET_NAME)";
				SWIFT_VERSION = 3.0;
				TEST_TARGET_NAME = savethekittens;
			};
			name = Release;
		};
/* End XCBuildConfiguration section */

/* Begin XCConfigurationList section */
		C6A1537A1E97263F00F324BE /* Build configuration list for PBXProject "savethekittens" */ = {
			isa = XCConfigurationList;
			buildConfigurations = (
				C6A153A51E97263F00F324BE /* Debug */,
				C6A153A61E97263F00F324BE /* Release */,
			);
			defaultConfigurationIsVisible = 0;
			defaultConfigurationName = Release;
		};
		C6A153A71E97263F00F324BE /* Build configuration list for PBXNativeTarget "savethekittens" */ = {
			isa = XCConfigurationList;
			buildConfigurations = (
				C6A153A81E97263F00F324BE /* Debug */,
				C6A153A91E97263F00F324BE /* Release */,
			);
			defaultConfigurationIsVisible = 0;
		};
		C6A153AA1E97263F00F324BE /* Build configuration list for PBXNativeTarget "savethekittensTests" */ = {
			isa = XCConfigurationList;
			buildConfigurations = (
				C6A153AB1E97263F00F324BE /* Debug */,
				C6A153AC1E97263F00F324BE /* Release */,
			);
			defaultConfigurationIsVisible = 0;
		};
		C6A153AD1E97263F00F324BE /* Build configuration list for PBXNativeTarget "savethekittensUITests" */ = {
			isa = XCConfigurationList;
			buildConfigurations = (
				C6A153AE1E97263F00F324BE /* Debug */,
				C6A153AF1E97263F00F324BE /* Release */,
			);
			defaultConfigurationIsVisible = 0;
		};
/* End XCConfigurationList section */
	};
	rootObject = C6A153771E97263F00F324BE /* Project object */;
}
